
Microsoft Visual Studio Solution File, Format Version 12.00
# Visual Studio 14
VisualStudioVersion = 14.0.25420.1
MinimumVisualStudioVersion = 10.0.40219.1
Project("{FAE04EC0-301F-11D3-BF4B-00C04F79EFBC}") = "ConsoleApplicationLabo1", "ConsoleApplicationLabo1\ConsoleApplicationLabo1.csproj", "{91527D9A-D226-405B-902E-11CF40B87C13}"
EndProject
Project("{FAE04EC0-301F-11D3-BF4B-00C04F79EFBC}") = "Labo2", "Labo2\Labo2.csproj", "{2BFD0C2E-2DE0-4273-922F-3F3A6BAB3D58}"
EndProject
Global
	GlobalSection(SolutionConfigurationPlatforms) = preSolution
		Debug|Any CPU = Debug|Any CPU
		Release|Any CPU = Release|Any CPU
	EndGlobalSection
	GlobalSection(ProjectConfigurationPlatforms) = postSolution
		{91527D9A-D226-405B-902E-11CF40B87C13}.Debug|Any CPU.ActiveCfg = Debug|Any CPU
		{91527D9A-D226-405B-902E-11CF40B87C13}.Debug|Any CPU.Build.0 = Debug|Any CPU
		{91527D9A-D226-405B-902E-11CF40B87C13}.Release|Any CPU.ActiveCfg = Release|Any CPU
		{91527D9A-D226-405B-902E-11CF40B87C13}.Release|Any CPU.Build.0 = Release|Any CPU
		{2BFD0C2E-2DE0-4273-922F-3F3A6BAB3D58}.Debug|Any CPU.ActiveCfg = Debug|Any CPU
		{2BFD0C2E-2DE0-4273-922F-3F3A6BAB3D58}.Debug|Any CPU.Build.0 = Debug|Any CPU
		{2BFD0C2E-2DE0-4273-922F-3F3A6BAB3D58}.Release|Any CPU.ActiveCfg = Release|Any CPU
		{2BFD0C2E-2DE0-4273-922F-3F3A6BAB3D58}.Release|Any CPU.Build.0 = Release|Any CPU
	EndGlobalSection
	GlobalSection(SolutionProperties) = preSolution
		HideSolutionNode = FALSE
	EndGlobalSection
EndGlobal
